
Microsoft Visual Studio Solution File, Format Version 9.00
# Visual Studio 2005
Project("{FAE04EC0-301F-11D3-BF4B-00C04F79EFBC}") = "TestDB", "TestDB.csproj", "{62DA9C9B-DDAE-4F9A-8F11-7966D55C2D0F}"
EndProject
Project("{FAE04EC0-301F-11D3-BF4B-00C04F79EFBC}") = "TestApp", "..\TestApp\TestApp.csproj", "{C8853A74-4745-448B-9C83-E7BBE27415C1}"
EndProject
Global
	GlobalSection(SolutionConfigurationPlatforms) = preSolution
		Debug|Any CPU = Debug|Any CPU
		Release|Any CPU = Release|Any CPU
	EndGlobalSection
	GlobalSection(ProjectConfigurationPlatforms) = postSolution
		{62DA9C9B-DDAE-4F9A-8F11-7966D55C2D0F}.Debug|Any CPU.ActiveCfg = Debug|Any CPU
		{62DA9C9B-DDAE-4F9A-8F11-7966D55C2D0F}.Debug|Any CPU.Build.0 = Debug|Any CPU
		{62DA9C9B-DDAE-4F9A-8F11-7966D55C2D0F}.Release|Any CPU.ActiveCfg = Release|Any CPU
		{62DA9C9B-DDAE-4F9A-8F11-7966D55C2D0F}.Release|Any CPU.Build.0 = Release|Any CPU
		{C8853A74-4745-448B-9C83-E7BBE27415C1}.Debug|Any CPU.ActiveCfg = Debug|Any CPU
		{C8853A74-4745-448B-9C83-E7BBE27415C1}.Debug|Any CPU.Build.0 = Debug|Any CPU
		{C8853A74-4745-448B-9C83-E7BBE27415C1}.Release|Any CPU.ActiveCfg = Release|Any CPU
		{C8853A74-4745-448B-9C83-E7BBE27415C1}.Release|Any CPU.Build.0 = Release|Any CPU
	EndGlobalSection
	GlobalSection(SolutionProperties) = preSolution
		HideSolutionNode = FALSE
	EndGlobalSection
EndGlobal
