Microsoft Visual Studio Solution File, Format Version 9.00
# Visual Studio 2005
Project("{FAE04EC0-301F-11D3-BF4B-00C04F79EFBC}") = "LightDatamodel", "..\LightDatamodel\LightDatamodel.csproj", "{CAE8433B-F013-474E-B7FC-4DE0D5933AD1}"
EndProject
Project("{FAE04EC0-301F-11D3-BF4B-00C04F79EFBC}") = "LimeTime", "LimeTime\LimeTime.csproj", "{23B6E506-5ABF-4678-9D05-543148192C0F}"
EndProject
Project("{FAE04EC0-301F-11D3-BF4B-00C04F79EFBC}") = "Datamodel", "LimeTime\Datamodel\Datamodel.csproj", "{65F2AC94-14E5-4FD2-BFA2-060FE3A1EACB}"
EndProject
Global
	GlobalSection(SubversionScc) = preSolution
		Svn-Managed = True
		Manager = AnkhSVN - Subversion Support for Visual Studio
	EndGlobalSection
	GlobalSection(SolutionConfigurationPlatforms) = preSolution
		Debug|Any CPU = Debug|Any CPU
		Release|Any CPU = Release|Any CPU
	EndGlobalSection
	GlobalSection(ProjectConfigurationPlatforms) = postSolution
		{CAE8433B-F013-474E-B7FC-4DE0D5933AD1}.Debug|Any CPU.ActiveCfg = Debug|Any CPU
		{CAE8433B-F013-474E-B7FC-4DE0D5933AD1}.Debug|Any CPU.Build.0 = Debug|Any CPU
		{CAE8433B-F013-474E-B7FC-4DE0D5933AD1}.Release|Any CPU.ActiveCfg = Release|Any CPU
		{CAE8433B-F013-474E-B7FC-4DE0D5933AD1}.Release|Any CPU.Build.0 = Release|Any CPU
		{23B6E506-5ABF-4678-9D05-543148192C0F}.Debug|Any CPU.ActiveCfg = Debug|Any CPU
		{23B6E506-5ABF-4678-9D05-543148192C0F}.Debug|Any CPU.Build.0 = Debug|Any CPU
		{23B6E506-5ABF-4678-9D05-543148192C0F}.Release|Any CPU.ActiveCfg = Release|Any CPU
		{23B6E506-5ABF-4678-9D05-543148192C0F}.Release|Any CPU.Build.0 = Release|Any CPU
		{65F2AC94-14E5-4FD2-BFA2-060FE3A1EACB}.Debug|Any CPU.ActiveCfg = Debug|Any CPU
		{65F2AC94-14E5-4FD2-BFA2-060FE3A1EACB}.Debug|Any CPU.Build.0 = Debug|Any CPU
		{65F2AC94-14E5-4FD2-BFA2-060FE3A1EACB}.Release|Any CPU.ActiveCfg = Release|Any CPU
		{65F2AC94-14E5-4FD2-BFA2-060FE3A1EACB}.Release|Any CPU.Build.0 = Release|Any CPU
	EndGlobalSection
	GlobalSection(SolutionProperties) = preSolution
		HideSolutionNode = FALSE
	EndGlobalSection
EndGlobal
