Microsoft Visual Studio Solution File, Format Version 9.00
# Visual Studio 2005
Project("{FAE04EC0-301F-11D3-BF4B-00C04F79EFBC}") = "TestDB", "TestDB.csproj", "{22E889F3-6049-4608-B42D-4152EFB3EE2E}"
EndProject
Project("{FAE04EC0-301F-11D3-BF4B-00C04F79EFBC}") = "TestApp", "..\TestApp\TestApp.csproj", "{C8853A74-4745-448B-9C83-E7BBE27415C1}"
EndProject
Project("{FAE04EC0-301F-11D3-BF4B-00C04F79EFBC}") = "LightDatamodel", "..\..\LightDatamodel\LightDatamodel.csproj", "{CAE8433B-F013-474E-B7FC-4DE0D5933AD1}"
EndProject
Global
	GlobalSection(SolutionConfigurationPlatforms) = preSolution
		Debug|Any CPU = Debug|Any CPU
		Release|Any CPU = Release|Any CPU
	EndGlobalSection
	GlobalSection(ProjectConfigurationPlatforms) = postSolution
		{22E889F3-6049-4608-B42D-4152EFB3EE2E}.Debug|Any CPU.ActiveCfg = Debug|Any CPU
		{22E889F3-6049-4608-B42D-4152EFB3EE2E}.Debug|Any CPU.Build.0 = Debug|Any CPU
		{22E889F3-6049-4608-B42D-4152EFB3EE2E}.Release|Any CPU.ActiveCfg = Release|Any CPU
		{22E889F3-6049-4608-B42D-4152EFB3EE2E}.Release|Any CPU.Build.0 = Release|Any CPU
		{C8853A74-4745-448B-9C83-E7BBE27415C1}.Debug|Any CPU.ActiveCfg = Debug|Any CPU
		{C8853A74-4745-448B-9C83-E7BBE27415C1}.Debug|Any CPU.Build.0 = Debug|Any CPU
		{C8853A74-4745-448B-9C83-E7BBE27415C1}.Release|Any CPU.ActiveCfg = Release|Any CPU
		{C8853A74-4745-448B-9C83-E7BBE27415C1}.Release|Any CPU.Build.0 = Release|Any CPU
		{CAE8433B-F013-474E-B7FC-4DE0D5933AD1}.Debug|Any CPU.ActiveCfg = Debug|Any CPU
		{CAE8433B-F013-474E-B7FC-4DE0D5933AD1}.Debug|Any CPU.Build.0 = Debug|Any CPU
		{CAE8433B-F013-474E-B7FC-4DE0D5933AD1}.Release|Any CPU.ActiveCfg = Release|Any CPU
		{CAE8433B-F013-474E-B7FC-4DE0D5933AD1}.Release|Any CPU.Build.0 = Release|Any CPU
	EndGlobalSection
	GlobalSection(SolutionProperties) = preSolution
		HideSolutionNode = FALSE
	EndGlobalSection
EndGlobal
